
Microsoft Visual Studio Solution File, Format Version 12.00
# Visual Studio Version 16
VisualStudioVersion = 16.0.30104.148
MinimumVisualStudioVersion = 10.0.40219.1
Project("{FAE04EC0-301F-11D3-BF4B-00C04F79EFBC}") = "Zadanie4", "Zadanie4.csproj", "{44EB7B9D-F5AE-437C-8F0B-EBD3CDC9381C}"
EndProject
Global
	GlobalSection(SolutionConfigurationPlatforms) = preSolution
		Debug|Any CPU = Debug|Any CPU
		Release|Any CPU = Release|Any CPU
	EndGlobalSection
	GlobalSection(ProjectConfigurationPlatforms) = postSolution
		{44EB7B9D-F5AE-437C-8F0B-EBD3CDC9381C}.Debug|Any CPU.ActiveCfg = Debug|Any CPU
		{44EB7B9D-F5AE-437C-8F0B-EBD3CDC9381C}.Debug|Any CPU.Build.0 = Debug|Any CPU
		{44EB7B9D-F5AE-437C-8F0B-EBD3CDC9381C}.Release|Any CPU.ActiveCfg = Release|Any CPU
		{44EB7B9D-F5AE-437C-8F0B-EBD3CDC9381C}.Release|Any CPU.Build.0 = Release|Any CPU
	EndGlobalSection
	GlobalSection(SolutionProperties) = preSolution
		HideSolutionNode = FALSE
	EndGlobalSection
	GlobalSection(ExtensibilityGlobals) = postSolution
		SolutionGuid = {81427860-7A8E-402D-9EBB-406C75BA7875}
	EndGlobalSection
EndGlobal
